// !$*UTF8*$!
{
	archiveVersion = 1;
	classes = {
	};
	objectVersion = 38;
	objects = {
		080E96DCFE201CFB7F000001 = {
			fileRef = 29B97318FDCFA39411CA2CEA;
			isa = PBXBuildFile;
			settings = {
			};
		};
		080E96DDFE201D6D7F000001 = {
			children = (
				29B97316FDCFA39411CA2CEA,
				F5ED4ED70223033D01498337,
				F5ED4ED80223033D01498337,
				F5C2F81203830E7D015ADBC2,
				F5C2F81303830E7D015ADBC2,
				F5C2F81803830EB6015ADBC2,
				F5C2F81903830EB6015ADBC2,
				F5480E4F0384312C01EE11C9,
				F5480E500384312C01EE11C9,
				F5EE8173022B1F85016D13F8,
				F5EE8174022B1F85016D13F8,
				F51E57E1023EF39301E25AE0,
				F51E57E0023EF39301E25AE0,
				F5EDCA46025699DC01DE9FC9,
				F5EDCA45025699DC01DE9FC9,
				F5EE781A024EAA330154BE47,
				F5EE7819024EAA330154BE47,
				F5ED1416025288FB013720F1,
				F5ED1415025288FB013720F1,
			);
			isa = PBXGroup;
			name = "Main Window and Sheets";
			refType = 4;
		};
		089C165CFE840E0CC02AAC07 = {
			children = (
				089C165DFE840E0CC02AAC07,
			);
			isa = PBXVariantGroup;
			name = InfoPlist.strings;
			refType = 4;
		};
		089C165DFE840E0CC02AAC07 = {
			fileEncoding = 10;
			isa = PBXFileReference;
			name = English;
			path = English.lproj/InfoPlist.strings;
			refType = 4;
		};
		089C165EFE840E0CC02AAC07 = {
			fileRef = 089C165CFE840E0CC02AAC07;
			isa = PBXBuildFile;
			settings = {
			};
		};
//080
//081
//082
//083
//084
//100
//101
//102
//103
//104
		1058C7A0FEA54F0111CA2CBB = {
			children = (
				1058C7A1FEA54F0111CA2CBB,
			);
			isa = PBXGroup;
			name = "Linked Frameworks";
			refType = 4;
		};
		1058C7A1FEA54F0111CA2CBB = {
			isa = PBXFrameworkReference;
			name = Cocoa.framework;
			path = /System/Library/Frameworks/Cocoa.framework;
			refType = 0;
		};
		1058C7A2FEA54F0111CA2CBB = {
			children = (
				29B97325FDCFA39411CA2CEA,
				29B97324FDCFA39411CA2CEA,
			);
			isa = PBXGroup;
			name = "Other Frameworks";
			refType = 4;
		};
		1058C7A3FEA54F0111CA2CBB = {
			fileRef = 1058C7A1FEA54F0111CA2CBB;
			isa = PBXBuildFile;
			settings = {
			};
		};
//100
//101
//102
//103
//104
//170
//171
//172
//173
//174
		17587328FF379C6511CA2CBB = {
			isa = PBXApplicationReference;
			path = GenerationX.app;
			refType = 3;
		};
//170
//171
//172
//173
//174
//190
//191
//192
//193
//194
		19C28FACFE9D520D11CA2CBB = {
			children = (
				17587328FF379C6511CA2CBB,
			);
			isa = PBXGroup;
			name = Products;
			refType = 4;
		};
//190
//191
//192
//193
//194
//290
//291
//292
//293
//294
		29B97313FDCFA39411CA2CEA = {
			buildStyles = (
				4A9504CCFFE6A4B311CA0CBA,
				4A9504CDFFE6A4B311CA0CBA,
			);
			hasScannedForEncodings = 1;
			isa = PBXProject;
			mainGroup = 29B97314FDCFA39411CA2CEA;
			projectDirPath = "";
			targets = (
				29B97326FDCFA39411CA2CEA,
			);
		};
		29B97314FDCFA39411CA2CEA = {
			children = (
				080E96DDFE201D6D7F000001,
				F5ED29B90263E160017FBCAC,
				29B97315FDCFA39411CA2CEA,
				F5ED29B80263E0C1017FBCAC,
				29B97317FDCFA39411CA2CEA,
				29B97323FDCFA39411CA2CEA,
				19C28FACFE9D520D11CA2CBB,
				F5055BB10224B72F011BEE18,
			);
			isa = PBXGroup;
			name = GenerationX;
			path = "";
			refType = 4;
		};
		29B97315FDCFA39411CA2CEA = {
			children = (
				F5ED4446025D1CE801F8E4C9,
				F5ED4445025D1CE701F8E4C9,
			);
			isa = PBXGroup;
			name = "File Management";
			path = "";
			refType = 4;
		};
		29B97316FDCFA39411CA2CEA = {
			fileEncoding = 30;
			isa = PBXFileReference;
			path = main.m;
			refType = 4;
		};
		29B97317FDCFA39411CA2CEA = {
			children = (
				29B97318FDCFA39411CA2CEA,
				F5E1614E038383BE01C467B4,
				F5E16151038383D401C467B4,
				F5F3D4790225A17101A385B0,
				F51E57E7023EF3C601E25AE0,
				F51E57E4023EF3B101E25AE0,
				F5EDCA420256999301DE9FC9,
				F5EE7816024EA8AE0154BE47,
				F5ED1412025288C7013720F1,
				089C165CFE840E0CC02AAC07,
				F5EF7E760230AE44016DB74F,
				F5EE77F7024E434D0154BE47,
				F531325203F0B57001B1BC2F,
				F5ED4442025D1C4E01F8E4C9,
				F5ED29B10263DDAF017FBCAC,
				F53E630D03843FB601045C00,
				F53E63100384403001045C00,
				F52B8C8E03E9E89F0160306E,
			);
			isa = PBXGroup;
			name = Resources;
			path = "";
			refType = 4;
		};
		29B97318FDCFA39411CA2CEA = {
			children = (
				29B97319FDCFA39411CA2CEA,
			);
			isa = PBXVariantGroup;
			name = GenerationX.nib;
			path = "";
			refType = 4;
		};
		29B97319FDCFA39411CA2CEA = {
			isa = PBXFileReference;
			name = GenerationX.nib;
			path = English.lproj/GenerationX.nib;
			refType = 4;
		};
		29B97323FDCFA39411CA2CEA = {
			children = (
				1058C7A0FEA54F0111CA2CBB,
				1058C7A2FEA54F0111CA2CBB,
			);
			isa = PBXGroup;
			name = Frameworks;
			path = "";
			refType = 4;
		};
		29B97324FDCFA39411CA2CEA = {
			isa = PBXFrameworkReference;
			name = AppKit.framework;
			path = /System/Library/Frameworks/AppKit.framework;
			refType = 0;
		};
		29B97325FDCFA39411CA2CEA = {
			isa = PBXFrameworkReference;
			name = Foundation.framework;
			path = /System/Library/Frameworks/Foundation.framework;
			refType = 0;
		};
		29B97326FDCFA39411CA2CEA = {
			buildPhases = (
				29B97327FDCFA39411CA2CEA,
				29B97328FDCFA39411CA2CEA,
				29B9732BFDCFA39411CA2CEA,
				29B9732DFDCFA39411CA2CEA,
			);
			buildSettings = {
				DEBUGGING_SYMBOLS = NO;
				FRAMEWORK_SEARCH_PATHS = "";
				HEADER_SEARCH_PATHS = "";
				INSTALL_PATH = "$(HOME)/Applications";
				LIBRARY_SEARCH_PATHS = "";
				OPTIMIZATION_CFLAGS = "-O3";
				OTHER_LDFLAGS = "";
				PRODUCT_NAME = GenerationX;
				SECTORDER_FLAGS = "";
				WARNING_CFLAGS = "-Wmost -Wno-four-char-constants -Wno-unknown-pragmas";
				WRAPPER_EXTENSION = app;
			};
			dependencies = (
			);
			isa = PBXApplicationTarget;
			name = GenerationX;
			productInstallPath = "$(HOME)/Applications";
			productName = GenerationX;
			productReference = 17587328FF379C6511CA2CBB;
			productSettingsXML = "<?xml version=\"1.0\" encoding=\"UTF-8\"?>
<!DOCTYPE plist PUBLIC \"-//Apple Computer//DTD PLIST 1.0//EN\" \"http://www.apple.com/DTDs/PropertyList-1.0.dtd\">
<plist version=\"1.0\">
<dict>
	<key>CFBundleDevelopmentRegion</key>
	<string>English</string>
	<key>CFBundleDocumentTypes</key>
	<array>
		<dict>
			<key>CFBundleTypeExtensions</key>
			<array>
				<string>ged</string>
			</array>
			<key>CFBundleTypeName</key>
			<string>GEDCOM</string>
			<key>CFBundleTypeRole</key>
			<string>None</string>
		</dict>
	</array>
	<key>CFBundleExecutable</key>
	<string>GenerationX</string>
	<key>CFBundleGetInfoString</key>
	<string>2.3.3</string>
	<key>CFBundleHelpBookFolder</key>
	<string>GenerationX_Help</string>
	<key>CFBundleHelpBookName</key>
	<string>GenerationX Help</string>
	<key>CFBundleIconFile</key>
	<string>genx.icns</string>
	<key>CFBundleIdentifier</key>
	<string>GenerationX</string>
	<key>CFBundleInfoDictionaryVersion</key>
	<string>6.0</string>
	<key>CFBundleName</key>
	<string>GenerationX</string>
	<key>CFBundlePackageType</key>
	<string>APPL</string>
	<key>CFBundleShortVersionString</key>
	<string>2.3.3</string>
	<key>CFBundleSignature</key>
	<string>GENX</string>
	<key>CFBundleVersion</key>
	<string>2.3.3</string>
	<key>NSMainNibFile</key>
	<string>GenerationX</string>
	<key>NSPrincipalClass</key>
	<string>NSApplication</string>
</dict>
</plist>
";
		};
		29B97327FDCFA39411CA2CEA = {
			buildActionMask = 2147483647;
			files = (
				F5ED4ED90223033D01498337,
				F5ED4EDE0223079801498337,
				F5ED4EE202230A1301498337,
				F5D07D5102247C18014360AA,
				F5F3D48E0225BE7B01A385B0,
				F5EB8FAE02270BAE019BD9C6,
				F5EE8175022B1F85016D13F8,
				F5F938F9022F087D018132C7,
				F5EF7E7B0230AFAE016DB74F,
				F51E57E2023EF39301E25AE0,
				F5ED41A7024817DA01F36DB6,
				F5EE77FC024E44510154BE47,
				F5EE781B024EAA330154BE47,
				F5ED1417025288FB013720F1,
				F5EDCA47025699DC01DE9FC9,
				F5ED4447025D1CE801F8E4C9,
				F5ED29B60263E074017FBCAC,
				F5EA592402B711CF014C8190,
				F5C2F80C03830E4F015ADBC2,
				F5C2F81403830E7D015ADBC2,
				F5C2F81C03830ED1015ADBC2,
				F5C2F82003830F43015ADBC2,
				F5C2F82203830F62015ADBC2,
				F5C2F82503830F67015ADBC2,
				F5C2F82803830FC8015ADBC2,
				F5480E52038431F401EE11C9,
				F531325803F0B61001B1BC2F,
			);
			isa = PBXHeadersBuildPhase;
			runOnlyForDeploymentPostprocessing = 0;
		};
		29B97328FDCFA39411CA2CEA = {
			buildActionMask = 2147483647;
			files = (
				080E96DCFE201CFB7F000001,
				089C165EFE840E0CC02AAC07,
				F5F3D47D0225A17101A385B0,
				F51C48E70231DE7101F231EB,
				F51C48E90231DF1A01F231EB,
				F51C48EB0231E01A01F231EB,
				F51C48ED0231E09201F231EB,
				F51C48EF0231E10301F231EB,
				F5EFF0C30232A82F016D7509,
				F514D6D90234575A01EB28E5,
				F514D6DA0234575A01EB28E5,
				F56F2972023DA6250168D78C,
				F51E57E6023EF3B101E25AE0,
				F51E57E9023EF3C601E25AE0,
				F5EE77F9024E434D0154BE47,
				F5EE7818024EA8AE0154BE47,
				F5ED1414025288C7013720F1,
				F5EDCA440256999301DE9FC9,
				F5ED4444025D1C4E01F8E4C9,
				F5ED29B30263DDAF017FBCAC,
				F5E7974302B837C401AB0A49,
				F5E16150038383BE01C467B4,
				F5E16153038383D401C467B4,
				F50A58830383844C01DEAC4F,
				F50A58840383844C01DEAC4F,
				F50A58850383844C01DEAC4F,
				F50A58860383844C01DEAC4F,
				F50A58870383844C01DEAC4F,
				F50A58880383844C01DEAC4F,
				F50A58890383844C01DEAC4F,
				F50A588A0383844C01DEAC4F,
				F53E630F03843FB601045C00,
				F53E63120384403001045C00,
				F52B8C9203E9E89F0160306E,
				F531325403F0B57001B1BC2F,
				F5EEECB403F1D43F0146A5EE,
			);
			isa = PBXResourcesBuildPhase;
			runOnlyForDeploymentPostprocessing = 0;
		};
		29B9732BFDCFA39411CA2CEA = {
			buildActionMask = 2147483647;
			files = (
				29B9732CFDCFA39411CA2CEA,
				F5ED4EDA0223033D01498337,
				F5ED4EDF0223079801498337,
				F5ED4EE302230A1301498337,
				F5D07D5202247C18014360AA,
				F5F3D48F0225BE7B01A385B0,
				F5EB8FAF02270BAE019BD9C6,
				F5EE8176022B1F85016D13F8,
				F5F938FA022F087D018132C7,
				F5EF7E7C0230AFAE016DB74F,
				F51E57E3023EF39301E25AE0,
				F5ED41A8024817DA01F36DB6,
				F5EE77FD024E44510154BE47,
				F5EE781C024EAA330154BE47,
				F5ED1418025288FB013720F1,
				F5EDCA48025699DC01DE9FC9,
				F5ED4448025D1CE801F8E4C9,
				F5ED29B70263E074017FBCAC,
				F5EA592502B711CF014C8190,
				F5C2F80D03830E4F015ADBC2,
				F5C2F81503830E7D015ADBC2,
				F5C2F81D03830ED1015ADBC2,
				F5C2F82103830F43015ADBC2,
				F5C2F82303830F63015ADBC2,
				F5C2F82403830F66015ADBC2,
				F5C2F82903830FC8015ADBC2,
				F5480E51038431F401EE11C9,
				F531325703F0B61001B1BC2F,
			);
			isa = PBXSourcesBuildPhase;
			runOnlyForDeploymentPostprocessing = 0;
		};
		29B9732CFDCFA39411CA2CEA = {
			fileRef = 29B97316FDCFA39411CA2CEA;
			isa = PBXBuildFile;
			settings = {
				ATTRIBUTES = (
				);
			};
		};
		29B9732DFDCFA39411CA2CEA = {
			buildActionMask = 2147483647;
			files = (
				1058C7A3FEA54F0111CA2CBB,
			);
			isa = PBXFrameworksBuildPhase;
			runOnlyForDeploymentPostprocessing = 0;
		};
//290
//291
//292
//293
//294
//4A0
//4A1
//4A2
//4A3
//4A4
		4A9504CCFFE6A4B311CA0CBA = {
			buildRules = (
			);
			buildSettings = {
				COPY_PHASE_STRIP = NO;
				OPTIMIZATION_CFLAGS = "-O0";
			};
			isa = PBXBuildStyle;
			name = Development;
		};
		4A9504CDFFE6A4B311CA0CBA = {
			buildRules = (
			);
			buildSettings = {
				COPY_PHASE_STRIP = YES;
			};
			isa = PBXBuildStyle;
			name = Deployment;
		};
//4A0
//4A1
//4A2
//4A3
//4A4
//F50
//F51
//F52
//F53
//F54
		F5055BB10224B72F011BEE18 = {
			children = (
				F50A587B0383844C01DEAC4F,
				F50A587C0383844C01DEAC4F,
				F50A587D0383844C01DEAC4F,
				F50A587E0383844C01DEAC4F,
				F50A587F0383844C01DEAC4F,
				F50A58800383844C01DEAC4F,
				F50A58810383844C01DEAC4F,
				F50A58820383844C01DEAC4F,
				F51C48E60231DE7101F231EB,
				F51C48E80231DF1A01F231EB,
				F51C48EA0231E01A01F231EB,
				F51C48EC0231E04701F231EB,
				F514D6D70234575A01EB28E5,
				F51C48EE0231E0FE01F231EB,
				F514D6D80234575A01EB28E5,
				F5E7974202B837C401AB0A49,
				F5EEECB303F1D43F0146A5EE,
				F5EFF0C20232A825016D7509,
			);
			isa = PBXGroup;
			name = Images;
			path = "";
			refType = 4;
		};
		F50A587B0383844C01DEAC4F = {
			isa = PBXFileReference;
			name = ButtonDown.tiff;
			path = Button/ButtonDown.tiff;
			refType = 4;
		};
		F50A587C0383844C01DEAC4F = {
			isa = PBXFileReference;
			name = ButtonEmpty.tiff;
			path = Button/ButtonEmpty.tiff;
			refType = 4;
		};
		F50A587D0383844C01DEAC4F = {
			isa = PBXFileReference;
			name = ButtonLeft.tiff;
			path = Button/ButtonLeft.tiff;
			refType = 4;
		};
		F50A587E0383844C01DEAC4F = {
			isa = PBXFileReference;
			name = ButtonMinus.tiff;
			path = Button/ButtonMinus.tiff;
			refType = 4;
		};
		F50A587F0383844C01DEAC4F = {
			isa = PBXFileReference;
			name = ButtonPlus.tiff;
			path = Button/ButtonPlus.tiff;
			refType = 4;
		};
		F50A58800383844C01DEAC4F = {
			isa = PBXFileReference;
			name = ButtonRight.tiff;
			path = Button/ButtonRight.tiff;
			refType = 4;
		};
		F50A58810383844C01DEAC4F = {
			isa = PBXFileReference;
			name = ButtonUp.tiff;
			path = Button/ButtonUp.tiff;
			refType = 4;
		};
		F50A58820383844C01DEAC4F = {
			isa = PBXFileReference;
			name = Triangle.tiff;
			path = Button/Triangle.tiff;
			refType = 4;
		};
		F50A58830383844C01DEAC4F = {
			fileRef = F50A587B0383844C01DEAC4F;
			isa = PBXBuildFile;
			settings = {
			};
		};
		F50A58840383844C01DEAC4F = {
			fileRef = F50A587C0383844C01DEAC4F;
			isa = PBXBuildFile;
			settings = {
			};
		};
		F50A58850383844C01DEAC4F = {
			fileRef = F50A587D0383844C01DEAC4F;
			isa = PBXBuildFile;
			settings = {
			};
		};
		F50A58860383844C01DEAC4F = {
			fileRef = F50A587E0383844C01DEAC4F;
			isa = PBXBuildFile;
			settings = {
			};
		};
		F50A58870383844C01DEAC4F = {
			fileRef = F50A587F0383844C01DEAC4F;
			isa = PBXBuildFile;
			settings = {
			};
		};
		F50A58880383844C01DEAC4F = {
			fileRef = F50A58800383844C01DEAC4F;
			isa = PBXBuildFile;
			settings = {
			};
		};
		F50A58890383844C01DEAC4F = {
			fileRef = F50A58810383844C01DEAC4F;
			isa = PBXBuildFile;
			settings = {
			};
		};
		F50A588A0383844C01DEAC4F = {
			fileRef = F50A58820383844C01DEAC4F;
			isa = PBXBuildFile;
			settings = {
			};
		};
		F514D6D70234575A01EB28E5 = {
			isa = PBXFileReference;
			path = DecItemImage.tiff;
			refType = 4;
		};
		F514D6D80234575A01EB28E5 = {
			isa = PBXFileReference;
			path = RawItemImage.tiff;
			refType = 4;
		};
		F514D6D90234575A01EB28E5 = {
			fileRef = F514D6D70234575A01EB28E5;
			isa = PBXBuildFile;
			settings = {
			};
		};
		F514D6DA0234575A01EB28E5 = {
			fileRef = F514D6D80234575A01EB28E5;
			isa = PBXBuildFile;
			settings = {
			};
		};
		F51C48E60231DE7101F231EB = {
			isa = PBXFileReference;
			path = IndiItemImage.tiff;
			refType = 4;
		};
		F51C48E70231DE7101F231EB = {
			fileRef = F51C48E60231DE7101F231EB;
			isa = PBXBuildFile;
			settings = {
			};
		};
		F51C48E80231DF1A01F231EB = {
			isa = PBXFileReference;
			path = NewItemImage.tiff;
			refType = 4;
		};
		F51C48E90231DF1A01F231EB = {
			fileRef = F51C48E80231DF1A01F231EB;
			isa = PBXBuildFile;
			settings = {
			};
		};
		F51C48EA0231E01A01F231EB = {
			isa = PBXFileReference;
			path = EditItemImage.tiff;
			refType = 4;
		};
		F51C48EB0231E01A01F231EB = {
			fileRef = F51C48EA0231E01A01F231EB;
			isa = PBXBuildFile;
			settings = {
			};
		};
		F51C48EC0231E04701F231EB = {
			isa = PBXFileReference;
			path = FamItemImage.tiff;
			refType = 4;
		};
		F51C48ED0231E09201F231EB = {
			fileRef = F51C48EC0231E04701F231EB;
			isa = PBXBuildFile;
			settings = {
			};
		};
		F51C48EE0231E0FE01F231EB = {
			isa = PBXFileReference;
			path = PedItemImage.tiff;
			refType = 4;
		};
		F51C48EF0231E10301F231EB = {
			fileRef = F51C48EE0231E0FE01F231EB;
			isa = PBXBuildFile;
			settings = {
			};
		};
		F51E57E0023EF39301E25AE0 = {
			fileEncoding = 30;
			isa = PBXFileReference;
			path = AddMarriageController.m;
			refType = 4;
		};
		F51E57E1023EF39301E25AE0 = {
			fileEncoding = 30;
			isa = PBXFileReference;
			path = AddMarriageController.h;
			refType = 4;
		};
		F51E57E2023EF39301E25AE0 = {
			fileRef = F51E57E1023EF39301E25AE0;
			isa = PBXBuildFile;
			settings = {
			};
		};
		F51E57E3023EF39301E25AE0 = {
			fileRef = F51E57E0023EF39301E25AE0;
			isa = PBXBuildFile;
			settings = {
			};
		};
		F51E57E4023EF3B101E25AE0 = {
			children = (
				F51E57E5023EF3B101E25AE0,
			);
			isa = PBXVariantGroup;
			name = AddMarriage.nib;
			path = "";
			refType = 4;
		};
		F51E57E5023EF3B101E25AE0 = {
			isa = PBXFileReference;
			name = English;
			path = English.lproj/AddMarriage.nib;
			refType = 4;
		};
		F51E57E6023EF3B101E25AE0 = {
			fileRef = F51E57E4023EF3B101E25AE0;
			isa = PBXBuildFile;
			settings = {
			};
		};
		F51E57E7023EF3C601E25AE0 = {
			children = (
				F51E57E8023EF3C601E25AE0,
			);
			isa = PBXVariantGroup;
			name = EditIndi.nib;
			path = "";
			refType = 4;
		};
		F51E57E8023EF3C601E25AE0 = {
			isa = PBXFileReference;
			name = English;
			path = English.lproj/EditIndi.nib;
			refType = 4;
		};
		F51E57E9023EF3C601E25AE0 = {
			fileRef = F51E57E7023EF3C601E25AE0;
			isa = PBXBuildFile;
			settings = {
			};
		};
		F52B8C8E03E9E89F0160306E = {
			includeInIndex = 1;
			isa = PBXFolderReference;
			path = GenerationX_Help;
			refType = 4;
		};
		F52B8C9203E9E89F0160306E = {
			fileRef = F52B8C8E03E9E89F0160306E;
			isa = PBXBuildFile;
			settings = {
			};
		};
		F531325203F0B57001B1BC2F = {
			children = (
				F531325303F0B57001B1BC2F,
			);
			isa = PBXVariantGroup;
			name = FileStatistics.nib;
			path = "";
			refType = 4;
		};
		F531325303F0B57001B1BC2F = {
			isa = PBXFileReference;
			name = English;
			path = English.lproj/FileStatistics.nib;
			refType = 4;
		};
		F531325403F0B57001B1BC2F = {
			fileRef = F531325203F0B57001B1BC2F;
			isa = PBXBuildFile;
			settings = {
			};
		};
		F531325503F0B61001B1BC2F = {
			fileEncoding = 30;
			isa = PBXFileReference;
			path = FileStatsController.m;
			refType = 4;
		};
		F531325603F0B61001B1BC2F = {
			fileEncoding = 30;
			isa = PBXFileReference;
			path = FileStatsController.h;
			refType = 4;
		};
		F531325703F0B61001B1BC2F = {
			fileRef = F531325503F0B61001B1BC2F;
			isa = PBXBuildFile;
			settings = {
			};
		};
		F531325803F0B61001B1BC2F = {
			fileRef = F531325603F0B61001B1BC2F;
			isa = PBXBuildFile;
			settings = {
			};
		};
		F53E630D03843FB601045C00 = {
			children = (
				F53E630E03843FB601045C00,
			);
			isa = PBXVariantGroup;
			name = AboutBox.nib;
			path = "";
			refType = 4;
		};
		F53E630E03843FB601045C00 = {
			isa = PBXFileReference;
			name = English;
			path = English.lproj/AboutBox.nib;
			refType = 4;
		};
		F53E630F03843FB601045C00 = {
			fileRef = F53E630D03843FB601045C00;
			isa = PBXBuildFile;
			settings = {
			};
		};
		F53E63100384403001045C00 = {
			children = (
				F53E63110384403001045C00,
			);
			isa = PBXVariantGroup;
			name = AboutBox.rtf;
			path = "";
			refType = 4;
		};
		F53E63110384403001045C00 = {
			isa = PBXFileReference;
			name = English;
			path = English.lproj/AboutBox.rtf;
			refType = 4;
		};
		F53E63120384403001045C00 = {
			fileRef = F53E63100384403001045C00;
			isa = PBXBuildFile;
			settings = {
			};
		};
		F5480E4F0384312C01EE11C9 = {
			fileEncoding = 30;
			isa = PBXFileReference;
			path = EventController.h;
			refType = 4;
		};
		F5480E500384312C01EE11C9 = {
			fileEncoding = 30;
			isa = PBXFileReference;
			path = EventController.m;
			refType = 4;
		};
		F5480E51038431F401EE11C9 = {
			fileRef = F5480E500384312C01EE11C9;
			isa = PBXBuildFile;
			settings = {
			};
		};
		F5480E52038431F401EE11C9 = {
			fileRef = F5480E4F0384312C01EE11C9;
			isa = PBXBuildFile;
			settings = {
			};
		};
		F56F2972023DA6250168D78C = {
			fileRef = F5EF7E760230AE44016DB74F;
			isa = PBXBuildFile;
			settings = {
			};
		};
		F5C2F80A03830E4F015ADBC2 = {
			fileEncoding = 30;
			isa = PBXFileReference;
			path = AboutBox.h;
			refType = 4;
		};
		F5C2F80B03830E4F015ADBC2 = {
			fileEncoding = 30;
			isa = PBXFileReference;
			path = AboutBox.m;
			refType = 4;
		};
		F5C2F80C03830E4F015ADBC2 = {
			fileRef = F5C2F80A03830E4F015ADBC2;
			isa = PBXBuildFile;
			settings = {
			};
		};
		F5C2F80D03830E4F015ADBC2 = {
			fileRef = F5C2F80B03830E4F015ADBC2;
			isa = PBXBuildFile;
			settings = {
			};
		};
		F5C2F81203830E7D015ADBC2 = {
			fileEncoding = 30;
			isa = PBXFileReference;
			path = FamListController.h;
			refType = 4;
		};
		F5C2F81303830E7D015ADBC2 = {
			fileEncoding = 30;
			isa = PBXFileReference;
			path = FamListController.m;
			refType = 4;
		};
		F5C2F81403830E7D015ADBC2 = {
			fileRef = F5C2F81203830E7D015ADBC2;
			isa = PBXBuildFile;
			settings = {
			};
		};
		F5C2F81503830E7D015ADBC2 = {
			fileRef = F5C2F81303830E7D015ADBC2;
			isa = PBXBuildFile;
			settings = {
			};
		};
		F5C2F81603830E9C015ADBC2 = {
			fileEncoding = 30;
			isa = PBXFileReference;
			path = ImageViewerController.h;
			refType = 4;
		};
		F5C2F81703830E9C015ADBC2 = {
			fileEncoding = 30;
			isa = PBXFileReference;
			path = ImageViewerController.m;
			refType = 4;
		};
		F5C2F81803830EB6015ADBC2 = {
			fileEncoding = 30;
			isa = PBXFileReference;
			path = IndiListController.h;
			refType = 4;
		};
		F5C2F81903830EB6015ADBC2 = {
			fileEncoding = 30;
			isa = PBXFileReference;
			path = IndiListController.m;
			refType = 4;
		};
		F5C2F81A03830ED1015ADBC2 = {
			fileEncoding = 30;
			isa = PBXFileReference;
			path = NoteController.h;
			refType = 4;
		};
		F5C2F81B03830ED1015ADBC2 = {
			fileEncoding = 30;
			isa = PBXFileReference;
			path = NoteController.m;
			refType = 4;
		};
		F5C2F81C03830ED1015ADBC2 = {
			fileRef = F5C2F81A03830ED1015ADBC2;
			isa = PBXBuildFile;
			settings = {
			};
		};
		F5C2F81D03830ED1015ADBC2 = {
			fileRef = F5C2F81B03830ED1015ADBC2;
			isa = PBXBuildFile;
			settings = {
			};
		};
		F5C2F81E03830F43015ADBC2 = {
			fileEncoding = 30;
			isa = PBXFileReference;
			path = TableSortInfo.h;
			refType = 4;
		};
		F5C2F81F03830F43015ADBC2 = {
			fileEncoding = 30;
			isa = PBXFileReference;
			path = TableSortInfo.m;
			refType = 4;
		};
		F5C2F82003830F43015ADBC2 = {
			fileRef = F5C2F81E03830F43015ADBC2;
			isa = PBXBuildFile;
			settings = {
			};
		};
		F5C2F82103830F43015ADBC2 = {
			fileRef = F5C2F81F03830F43015ADBC2;
			isa = PBXBuildFile;
			settings = {
			};
		};
		F5C2F82203830F62015ADBC2 = {
			fileRef = F5C2F81603830E9C015ADBC2;
			isa = PBXBuildFile;
			settings = {
			};
		};
		F5C2F82303830F63015ADBC2 = {
			fileRef = F5C2F81703830E9C015ADBC2;
			isa = PBXBuildFile;
			settings = {
			};
		};
		F5C2F82403830F66015ADBC2 = {
			fileRef = F5C2F81903830EB6015ADBC2;
			isa = PBXBuildFile;
			settings = {
			};
		};
		F5C2F82503830F67015ADBC2 = {
			fileRef = F5C2F81803830EB6015ADBC2;
			isa = PBXBuildFile;
			settings = {
			};
		};
		F5C2F82603830FC8015ADBC2 = {
			fileEncoding = 30;
			isa = PBXFileReference;
			path = NoteViewerController.h;
			refType = 4;
		};
		F5C2F82703830FC8015ADBC2 = {
			fileEncoding = 30;
			isa = PBXFileReference;
			path = NoteViewerController.m;
			refType = 4;
		};
		F5C2F82803830FC8015ADBC2 = {
			fileRef = F5C2F82603830FC8015ADBC2;
			isa = PBXBuildFile;
			settings = {
			};
		};
		F5C2F82903830FC8015ADBC2 = {
			fileRef = F5C2F82703830FC8015ADBC2;
			isa = PBXBuildFile;
			settings = {
			};
		};
		F5D07D4F02247C17014360AA = {
			fileEncoding = 30;
			isa = PBXFileReference;
			path = RawPanelController.m;
			refType = 4;
		};
		F5D07D5002247C17014360AA = {
			fileEncoding = 30;
			isa = PBXFileReference;
			path = RawPanelController.h;
			refType = 4;
		};
		F5D07D5102247C18014360AA = {
			fileRef = F5D07D5002247C17014360AA;
			isa = PBXBuildFile;
			settings = {
			};
		};
		F5D07D5202247C18014360AA = {
			fileRef = F5D07D4F02247C17014360AA;
			isa = PBXBuildFile;
			settings = {
			};
		};
		F5E1614E038383BE01C467B4 = {
			children = (
				F5E1614F038383BE01C467B4,
			);
			isa = PBXVariantGroup;
			name = ImageViewer.nib;
			path = "";
			refType = 4;
		};
		F5E1614F038383BE01C467B4 = {
			isa = PBXFileReference;
			name = English;
			path = English.lproj/ImageViewer.nib;
			refType = 4;
		};
		F5E16150038383BE01C467B4 = {
			fileRef = F5E1614E038383BE01C467B4;
			isa = PBXBuildFile;
			settings = {
			};
		};
		F5E16151038383D401C467B4 = {
			children = (
				F5E16152038383D401C467B4,
			);
			isa = PBXVariantGroup;
			name = NoteViewer.nib;
			path = "";
			refType = 4;
		};
		F5E16152038383D401C467B4 = {
			isa = PBXFileReference;
			name = English;
			path = English.lproj/NoteViewer.nib;
			refType = 4;
		};
		F5E16153038383D401C467B4 = {
			fileRef = F5E16151038383D401C467B4;
			isa = PBXBuildFile;
			settings = {
			};
		};
		F5E7974202B837C401AB0A49 = {
			isa = PBXFileReference;
			path = EventsItemImage.tiff;
			refType = 4;
		};
		F5E7974302B837C401AB0A49 = {
			fileRef = F5E7974202B837C401AB0A49;
			isa = PBXBuildFile;
			settings = {
			};
		};
		F5EA592202B711CF014C8190 = {
			fileEncoding = 30;
			isa = PBXFileReference;
			path = GenXUtil.h;
			refType = 4;
		};
		F5EA592302B711CF014C8190 = {
			fileEncoding = 30;
			isa = PBXFileReference;
			path = GenXUtil.m;
			refType = 4;
		};
		F5EA592402B711CF014C8190 = {
			fileRef = F5EA592202B711CF014C8190;
			isa = PBXBuildFile;
			settings = {
			};
		};
		F5EA592502B711CF014C8190 = {
			fileRef = F5EA592302B711CF014C8190;
			isa = PBXBuildFile;
			settings = {
			};
		};
		F5EB8FAC02270BAE019BD9C6 = {
			fileEncoding = 30;
			isa = PBXFileReference;
			path = FAM.h;
			refType = 4;
		};
		F5EB8FAD02270BAE019BD9C6 = {
			fileEncoding = 30;
			isa = PBXFileReference;
			path = FAM.m;
			refType = 4;
		};
		F5EB8FAE02270BAE019BD9C6 = {
			fileRef = F5EB8FAC02270BAE019BD9C6;
			isa = PBXBuildFile;
			settings = {
			};
		};
		F5EB8FAF02270BAE019BD9C6 = {
			fileRef = F5EB8FAD02270BAE019BD9C6;
			isa = PBXBuildFile;
			settings = {
			};
		};
		F5ED1412025288C7013720F1 = {
			children = (
				F5ED1413025288C7013720F1,
			);
			isa = PBXVariantGroup;
			name = Note.nib;
			path = "";
			refType = 4;
		};
		F5ED1413025288C7013720F1 = {
			isa = PBXFileReference;
			name = English;
			path = English.lproj/Note.nib;
			refType = 4;
		};
		F5ED1414025288C7013720F1 = {
			fileRef = F5ED1412025288C7013720F1;
			isa = PBXBuildFile;
			settings = {
			};
		};
		F5ED1415025288FB013720F1 = {
			fileEncoding = 30;
			isa = PBXFileReference;
			path = NoteController.m;
			refType = 4;
		};
		F5ED1416025288FB013720F1 = {
			fileEncoding = 30;
			isa = PBXFileReference;
			path = NoteController.h;
			refType = 4;
		};
		F5ED1417025288FB013720F1 = {
			fileRef = F5ED1416025288FB013720F1;
			isa = PBXBuildFile;
			settings = {
			};
		};
		F5ED1418025288FB013720F1 = {
			fileRef = F5ED1415025288FB013720F1;
			isa = PBXBuildFile;
			settings = {
			};
		};
		F5ED29B10263DDAF017FBCAC = {
			children = (
				F5ED29B20263DDAF017FBCAC,
			);
			isa = PBXVariantGroup;
			name = ChooseField.nib;
			path = "";
			refType = 4;
		};
		F5ED29B20263DDAF017FBCAC = {
			isa = PBXFileReference;
			name = English;
			path = English.lproj/ChooseField.nib;
			refType = 4;
		};
		F5ED29B30263DDAF017FBCAC = {
			fileRef = F5ED29B10263DDAF017FBCAC;
			isa = PBXBuildFile;
			settings = {
			};
		};
		F5ED29B40263E074017FBCAC = {
			fileEncoding = 30;
			isa = PBXFileReference;
			path = ChooseFieldController.m;
			refType = 4;
		};
		F5ED29B50263E074017FBCAC = {
			fileEncoding = 30;
			isa = PBXFileReference;
			path = ChooseFieldController.h;
			refType = 4;
		};
		F5ED29B60263E074017FBCAC = {
			fileRef = F5ED29B50263E074017FBCAC;
			isa = PBXBuildFile;
			settings = {
			};
		};
		F5ED29B70263E074017FBCAC = {
			fileRef = F5ED29B40263E074017FBCAC;
			isa = PBXBuildFile;
			settings = {
			};
		};
		F5ED29B80263E0C1017FBCAC = {
			children = (
				F5ED4EDC0223079801498337,
				F5ED4EDD0223079801498337,
				F5ED4EE002230A1301498337,
				F5ED4EE102230A1301498337,
				F5F3D48C0225BE7B01A385B0,
				F5F3D48D0225BE7B01A385B0,
				F5EB8FAC02270BAE019BD9C6,
				F5EB8FAD02270BAE019BD9C6,
				F5EA592202B711CF014C8190,
				F5EA592302B711CF014C8190,
			);
			isa = PBXGroup;
			name = "Data Management";
			path = "";
			refType = 4;
		};
		F5ED29B90263E160017FBCAC = {
			children = (
				F5C2F81E03830F43015ADBC2,
				F5C2F81F03830F43015ADBC2,
				F5C2F81A03830ED1015ADBC2,
				F5C2F81B03830ED1015ADBC2,
				F5C2F82603830FC8015ADBC2,
				F5C2F82703830FC8015ADBC2,
				F5C2F81603830E9C015ADBC2,
				F5C2F81703830E9C015ADBC2,
				F5C2F80A03830E4F015ADBC2,
				F5C2F80B03830E4F015ADBC2,
				F5D07D5002247C17014360AA,
				F5D07D4F02247C17014360AA,
				F5ED29B50263E074017FBCAC,
				F5ED29B40263E074017FBCAC,
				F5EE77FB024E44510154BE47,
				F5EE77FA024E44510154BE47,
				F5EF7E7A0230AFAE016DB74F,
				F5EF7E790230AFAE016DB74F,
				F5F938F8022F087D018132C7,
				F5F938F7022F087D018132C7,
				F5ED41A5024817DA01F36DB6,
				F5ED41A6024817DA01F36DB6,
				F531325603F0B61001B1BC2F,
				F531325503F0B61001B1BC2F,
			);
			isa = PBXGroup;
			name = "Other GUI";
			path = "";
			refType = 4;
		};
		F5ED41A5024817DA01F36DB6 = {
			fileEncoding = 30;
			isa = PBXFileReference;
			path = RecordListDataSource.h;
			refType = 4;
		};
		F5ED41A6024817DA01F36DB6 = {
			fileEncoding = 30;
			isa = PBXFileReference;
			path = RecordListDataSource.m;
			refType = 4;
		};
		F5ED41A7024817DA01F36DB6 = {
			fileRef = F5ED41A5024817DA01F36DB6;
			isa = PBXBuildFile;
			settings = {
			};
		};
		F5ED41A8024817DA01F36DB6 = {
			fileRef = F5ED41A6024817DA01F36DB6;
			isa = PBXBuildFile;
			settings = {
			};
		};
		F5ED4442025D1C4E01F8E4C9 = {
			children = (
				F5ED4443025D1C4E01F8E4C9,
			);
			isa = PBXVariantGroup;
			name = HTML.nib;
			path = "";
			refType = 4;
		};
		F5ED4443025D1C4E01F8E4C9 = {
			isa = PBXFileReference;
			name = HTML.nib;
			path = English.lproj/HTML.nib;
			refType = 4;
		};
		F5ED4444025D1C4E01F8E4C9 = {
			fileRef = F5ED4442025D1C4E01F8E4C9;
			isa = PBXBuildFile;
			settings = {
			};
		};
		F5ED4445025D1CE701F8E4C9 = {
			fileEncoding = 30;
			isa = PBXFileReference;
			path = HTMLController.m;
			refType = 4;
		};
		F5ED4446025D1CE801F8E4C9 = {
			fileEncoding = 30;
			isa = PBXFileReference;
			path = HTMLController.h;
			refType = 4;
		};
		F5ED4447025D1CE801F8E4C9 = {
			fileRef = F5ED4446025D1CE801F8E4C9;
			isa = PBXBuildFile;
			settings = {
			};
		};
		F5ED4448025D1CE801F8E4C9 = {
			fileRef = F5ED4445025D1CE701F8E4C9;
			isa = PBXBuildFile;
			settings = {
			};
		};
		F5ED4ED70223033D01498337 = {
			fileEncoding = 30;
			isa = PBXFileReference;
			path = GenerationXController.h;
			refType = 4;
		};
		F5ED4ED80223033D01498337 = {
			fileEncoding = 30;
			isa = PBXFileReference;
			path = GenerationXController.m;
			refType = 4;
		};
		F5ED4ED90223033D01498337 = {
			fileRef = F5ED4ED70223033D01498337;
			isa = PBXBuildFile;
			settings = {
			};
		};
		F5ED4EDA0223033D01498337 = {
			fileRef = F5ED4ED80223033D01498337;
			isa = PBXBuildFile;
			settings = {
			};
		};
		F5ED4EDC0223079801498337 = {
			fileEncoding = 30;
			isa = PBXFileReference;
			path = GCFile.h;
			refType = 4;
		};
		F5ED4EDD0223079801498337 = {
			fileEncoding = 30;
			isa = PBXFileReference;
			path = GCFile.m;
			refType = 4;
		};
		F5ED4EDE0223079801498337 = {
			fileRef = F5ED4EDC0223079801498337;
			isa = PBXBuildFile;
			settings = {
			};
		};
		F5ED4EDF0223079801498337 = {
			fileRef = F5ED4EDD0223079801498337;
			isa = PBXBuildFile;
			settings = {
			};
		};
		F5ED4EE002230A1301498337 = {
			fileEncoding = 30;
			isa = PBXFileReference;
			path = GCField.h;
			refType = 4;
		};
		F5ED4EE102230A1301498337 = {
			fileEncoding = 30;
			isa = PBXFileReference;
			path = GCField.m;
			refType = 4;
		};
		F5ED4EE202230A1301498337 = {
			fileRef = F5ED4EE002230A1301498337;
			isa = PBXBuildFile;
			settings = {
			};
		};
		F5ED4EE302230A1301498337 = {
			fileRef = F5ED4EE102230A1301498337;
			isa = PBXBuildFile;
			settings = {
			};
		};
		F5EDCA420256999301DE9FC9 = {
			children = (
				F5EDCA430256999301DE9FC9,
			);
			isa = PBXVariantGroup;
			name = EventWithFAMC.nib;
			path = "";
			refType = 4;
		};
		F5EDCA430256999301DE9FC9 = {
			isa = PBXFileReference;
			name = English;
			path = English.lproj/EventWithFAMC.nib;
			refType = 4;
		};
		F5EDCA440256999301DE9FC9 = {
			fileRef = F5EDCA420256999301DE9FC9;
			isa = PBXBuildFile;
			settings = {
			};
		};
		F5EDCA45025699DC01DE9FC9 = {
			fileEncoding = 30;
			isa = PBXFileReference;
			path = EventWithFAMCController.m;
			refType = 4;
		};
		F5EDCA46025699DC01DE9FC9 = {
			fileEncoding = 30;
			isa = PBXFileReference;
			path = EventWithFAMCController.h;
			refType = 4;
		};
		F5EDCA47025699DC01DE9FC9 = {
			fileRef = F5EDCA46025699DC01DE9FC9;
			isa = PBXBuildFile;
			settings = {
			};
		};
		F5EDCA48025699DC01DE9FC9 = {
			fileRef = F5EDCA45025699DC01DE9FC9;
			isa = PBXBuildFile;
			settings = {
			};
		};
		F5EE77F7024E434D0154BE47 = {
			children = (
				F5EE77F8024E434D0154BE47,
			);
			isa = PBXVariantGroup;
			name = Preferences.nib;
			path = "";
			refType = 4;
		};
		F5EE77F8024E434D0154BE47 = {
			isa = PBXFileReference;
			name = English;
			path = English.lproj/Preferences.nib;
			refType = 4;
		};
		F5EE77F9024E434D0154BE47 = {
			fileRef = F5EE77F7024E434D0154BE47;
			isa = PBXBuildFile;
			settings = {
			};
		};
		F5EE77FA024E44510154BE47 = {
			fileEncoding = 30;
			isa = PBXFileReference;
			path = PreferencesController.m;
			refType = 4;
		};
		F5EE77FB024E44510154BE47 = {
			fileEncoding = 30;
			isa = PBXFileReference;
			path = PreferencesController.h;
			refType = 4;
		};
		F5EE77FC024E44510154BE47 = {
			fileRef = F5EE77FB024E44510154BE47;
			isa = PBXBuildFile;
			settings = {
			};
		};
		F5EE77FD024E44510154BE47 = {
			fileRef = F5EE77FA024E44510154BE47;
			isa = PBXBuildFile;
			settings = {
			};
		};
		F5EE7816024EA8AE0154BE47 = {
			children = (
				F5EE7817024EA8AE0154BE47,
			);
			isa = PBXVariantGroup;
			name = GenericEvent.nib;
			path = "";
			refType = 4;
		};
		F5EE7817024EA8AE0154BE47 = {
			isa = PBXFileReference;
			name = English;
			path = English.lproj/GenericEvent.nib;
			refType = 4;
		};
		F5EE7818024EA8AE0154BE47 = {
			fileRef = F5EE7816024EA8AE0154BE47;
			isa = PBXBuildFile;
			settings = {
			};
		};
		F5EE7819024EAA330154BE47 = {
			fileEncoding = 30;
			isa = PBXFileReference;
			path = GenericEventController.m;
			refType = 4;
		};
		F5EE781A024EAA330154BE47 = {
			fileEncoding = 30;
			isa = PBXFileReference;
			path = GenericEventController.h;
			refType = 4;
		};
		F5EE781B024EAA330154BE47 = {
			fileRef = F5EE781A024EAA330154BE47;
			isa = PBXBuildFile;
			settings = {
			};
		};
		F5EE781C024EAA330154BE47 = {
			fileRef = F5EE7819024EAA330154BE47;
			isa = PBXBuildFile;
			settings = {
			};
		};
		F5EE8173022B1F85016D13F8 = {
			fileEncoding = 30;
			isa = PBXFileReference;
			path = EditIndiController.h;
			refType = 4;
		};
		F5EE8174022B1F85016D13F8 = {
			fileEncoding = 30;
			isa = PBXFileReference;
			path = EditIndiController.m;
			refType = 4;
		};
		F5EE8175022B1F85016D13F8 = {
			fileRef = F5EE8173022B1F85016D13F8;
			isa = PBXBuildFile;
			settings = {
			};
		};
		F5EE8176022B1F85016D13F8 = {
			fileRef = F5EE8174022B1F85016D13F8;
			isa = PBXBuildFile;
			settings = {
			};
		};
		F5EEECB303F1D43F0146A5EE = {
			isa = PBXFileReference;
			path = RecordsItemImage.tiff;
			refType = 4;
		};
		F5EEECB403F1D43F0146A5EE = {
			fileRef = F5EEECB303F1D43F0146A5EE;
			isa = PBXBuildFile;
			settings = {
			};
		};
		F5EF7E760230AE44016DB74F = {
			children = (
				F5EF7E770230AE44016DB74F,
			);
			isa = PBXVariantGroup;
			name = Merge.nib;
			path = "";
			refType = 4;
		};
		F5EF7E770230AE44016DB74F = {
			isa = PBXFileReference;
			name = English;
			path = English.lproj/Merge.nib;
			refType = 4;
		};
		F5EF7E790230AFAE016DB74F = {
			fileEncoding = 30;
			isa = PBXFileReference;
			path = MergeController.m;
			refType = 4;
		};
		F5EF7E7A0230AFAE016DB74F = {
			fileEncoding = 30;
			isa = PBXFileReference;
			path = MergeController.h;
			refType = 4;
		};
		F5EF7E7B0230AFAE016DB74F = {
			fileRef = F5EF7E7A0230AFAE016DB74F;
			isa = PBXBuildFile;
			settings = {
			};
		};
		F5EF7E7C0230AFAE016DB74F = {
			fileRef = F5EF7E790230AFAE016DB74F;
			isa = PBXBuildFile;
			settings = {
			};
		};
		F5EFF0C20232A825016D7509 = {
			isa = PBXFileReference;
			path = genx.icns;
			refType = 4;
		};
		F5EFF0C30232A82F016D7509 = {
			fileRef = F5EFF0C20232A825016D7509;
			isa = PBXBuildFile;
			settings = {
			};
		};
		F5F3D4790225A17101A385B0 = {
			children = (
				F5F3D47A0225A17101A385B0,
			);
			isa = PBXVariantGroup;
			name = RawPanel.nib;
			path = "";
			refType = 4;
		};
		F5F3D47A0225A17101A385B0 = {
			isa = PBXFileReference;
			name = English;
			path = English.lproj/RawPanel.nib;
			refType = 4;
		};
		F5F3D47D0225A17101A385B0 = {
			fileRef = F5F3D4790225A17101A385B0;
			isa = PBXBuildFile;
			settings = {
			};
		};
		F5F3D48C0225BE7B01A385B0 = {
			fileEncoding = 30;
			isa = PBXFileReference;
			path = INDI.h;
			refType = 4;
		};
		F5F3D48D0225BE7B01A385B0 = {
			fileEncoding = 30;
			isa = PBXFileReference;
			path = INDI.m;
			refType = 4;
		};
		F5F3D48E0225BE7B01A385B0 = {
			fileRef = F5F3D48C0225BE7B01A385B0;
			isa = PBXBuildFile;
			settings = {
			};
		};
		F5F3D48F0225BE7B01A385B0 = {
			fileRef = F5F3D48D0225BE7B01A385B0;
			isa = PBXBuildFile;
			settings = {
			};
		};
		F5F938F7022F087D018132C7 = {
			fileEncoding = 30;
			isa = PBXFileReference;
			path = DescendantOutlineData.m;
			refType = 4;
		};
		F5F938F8022F087D018132C7 = {
			fileEncoding = 30;
			isa = PBXFileReference;
			path = DescendantOutlineData.h;
			refType = 4;
		};
		F5F938F9022F087D018132C7 = {
			fileRef = F5F938F8022F087D018132C7;
			isa = PBXBuildFile;
			settings = {
			};
		};
		F5F938FA022F087D018132C7 = {
			fileRef = F5F938F7022F087D018132C7;
			isa = PBXBuildFile;
			settings = {
			};
		};
	};
	rootObject = 29B97313FDCFA39411CA2CEA;
}
